
Microsoft Visual Studio Solution File, Format Version 12.00
# Visual Studio Version 16
VisualStudioVersion = 16.0.31129.286
MinimumVisualStudioVersion = 10.0.40219.1
Project("{FAE04EC0-301F-11D3-BF4B-00C04F79EFBC}") = "Strings", "Strings\Strings.csproj", "{9E4799F0-01F0-4009-BF1A-7DB9F499866B}"
EndProject
Project("{FAE04EC0-301F-11D3-BF4B-00C04F79EFBC}") = "String2", "String2\String2.csproj", "{A852E43B-5B07-42FE-B4F9-5785C62AAF69}"
EndProject
Project("{FAE04EC0-301F-11D3-BF4B-00C04F79EFBC}") = "String3", "String3\String3.csproj", "{E831EADF-3421-481C-BAAC-D19638E05EBC}"
EndProject
Project("{FAE04EC0-301F-11D3-BF4B-00C04F79EFBC}") = "String4", "String4\String4.csproj", "{2B5E1FC6-A1AB-429B-8455-B8BFF19DDA3D}"
EndProject
Global
	GlobalSection(SolutionConfigurationPlatforms) = preSolution
		Debug|Any CPU = Debug|Any CPU
		Release|Any CPU = Release|Any CPU
	EndGlobalSection
	GlobalSection(ProjectConfigurationPlatforms) = postSolution
		{9E4799F0-01F0-4009-BF1A-7DB9F499866B}.Debug|Any CPU.ActiveCfg = Debug|Any CPU
		{9E4799F0-01F0-4009-BF1A-7DB9F499866B}.Debug|Any CPU.Build.0 = Debug|Any CPU
		{9E4799F0-01F0-4009-BF1A-7DB9F499866B}.Release|Any CPU.ActiveCfg = Release|Any CPU
		{9E4799F0-01F0-4009-BF1A-7DB9F499866B}.Release|Any CPU.Build.0 = Release|Any CPU
		{A852E43B-5B07-42FE-B4F9-5785C62AAF69}.Debug|Any CPU.ActiveCfg = Debug|Any CPU
		{A852E43B-5B07-42FE-B4F9-5785C62AAF69}.Debug|Any CPU.Build.0 = Debug|Any CPU
		{A852E43B-5B07-42FE-B4F9-5785C62AAF69}.Release|Any CPU.ActiveCfg = Release|Any CPU
		{A852E43B-5B07-42FE-B4F9-5785C62AAF69}.Release|Any CPU.Build.0 = Release|Any CPU
		{E831EADF-3421-481C-BAAC-D19638E05EBC}.Debug|Any CPU.ActiveCfg = Debug|Any CPU
		{E831EADF-3421-481C-BAAC-D19638E05EBC}.Debug|Any CPU.Build.0 = Debug|Any CPU
		{E831EADF-3421-481C-BAAC-D19638E05EBC}.Release|Any CPU.ActiveCfg = Release|Any CPU
		{E831EADF-3421-481C-BAAC-D19638E05EBC}.Release|Any CPU.Build.0 = Release|Any CPU
		{2B5E1FC6-A1AB-429B-8455-B8BFF19DDA3D}.Debug|Any CPU.ActiveCfg = Debug|Any CPU
		{2B5E1FC6-A1AB-429B-8455-B8BFF19DDA3D}.Debug|Any CPU.Build.0 = Debug|Any CPU
		{2B5E1FC6-A1AB-429B-8455-B8BFF19DDA3D}.Release|Any CPU.ActiveCfg = Release|Any CPU
		{2B5E1FC6-A1AB-429B-8455-B8BFF19DDA3D}.Release|Any CPU.Build.0 = Release|Any CPU
	EndGlobalSection
	GlobalSection(SolutionProperties) = preSolution
		HideSolutionNode = FALSE
	EndGlobalSection
	GlobalSection(ExtensibilityGlobals) = postSolution
		SolutionGuid = {AA7C4922-F7BC-4882-8DA7-8322F1C82681}
	EndGlobalSection
EndGlobal
